{
  "version": 4,
  "terraform_version": "1.8.5",
  "serial": 5,
  "lineage": "c61db6aa-72ec-5e88-9c99-72d8484836d5",
  "outputs": {},
  "resources": [
    {
      "module": "module.s3",
      "mode": "managed",
      "type": "aws_s3_bucket",
      "name": "tf_state",
      "provider": "provider[\"registry.terraform.io/hashicorp/aws\"]",
      "instances": [
        {
          "schema_version": 0,
          "attributes": {
            "acceleration_status": "",
            "acl": null,
            "arn": "arn:aws:s3:::umami-tfstate",
            "bucket": "umami-tfstate",
            "bucket_domain_name": "umami-tfstate.s3.amazonaws.com",
            "bucket_prefix": "",
            "bucket_region": "eu-west-2",
            "bucket_regional_domain_name": "umami-tfstate.s3.eu-west-2.amazonaws.com",
            "cors_rule": [],
            "force_destroy": false,
            "grant": [
              {
                "id": "ef49759952488c73ed0cc7418fe21d3dbe88ffd24a7dd2815b2d1b05b11ea58d",
                "permissions": [
                  "FULL_CONTROL"
                ],
                "type": "CanonicalUser",
                "uri": ""
              }
            ],
            "hosted_zone_id": "Z3GKZC51ZF0DB4",
            "id": "umami-tfstate",
            "lifecycle_rule": [],
            "logging": [],
            "object_lock_configuration": [
              {
                "object_lock_enabled": "Enabled",
                "rule": []
              }
            ],
            "object_lock_enabled": true,
            "policy": "",
            "region": "eu-west-2",
            "replication_configuration": [],
            "request_payer": "BucketOwner",
            "server_side_encryption_configuration": [
              {
                "rule": [
                  {
                    "apply_server_side_encryption_by_default": [
                      {
                        "kms_master_key_id": "",
                        "sse_algorithm": "AES256"
                      }
                    ],
                    "bucket_key_enabled": false
                  }
                ]
              }
            ],
            "tags": null,
            "tags_all": {},
            "timeouts": null,
            "versioning": [
              {
                "enabled": true,
                "mfa_delete": false
              }
            ],
            "website": [],
            "website_domain": null,
            "website_endpoint": null
          },
          "sensitive_attributes": [],
          "private": "eyJlMmJmYjczMC1lY2FhLTExZTYtOGY4OC0zNDM2M2JjN2M0YzAiOnsiY3JlYXRlIjoxMjAwMDAwMDAwMDAwLCJkZWxldGUiOjM2MDAwMDAwMDAwMDAsInJlYWQiOjEyMDAwMDAwMDAwMDAsInVwZGF0ZSI6MTIwMDAwMDAwMDAwMH19"
        }
      ]
    },
    {
      "module": "module.s3",
      "mode": "managed",
      "type": "aws_s3_bucket_object_lock_configuration",
      "name": "tf_state",
      "provider": "provider[\"registry.terraform.io/hashicorp/aws\"]",
      "instances": [
        {
          "schema_version": 0,
          "attributes": {
            "bucket": "umami-tfstate",
            "expected_bucket_owner": "",
            "id": "umami-tfstate",
            "object_lock_enabled": "Enabled",
            "region": "eu-west-2",
            "rule": [
              {
                "default_retention": [
                  {
                    "days": 30,
                    "mode": "GOVERNANCE",
                    "years": 0
                  }
                ]
              }
            ],
            "token": null
          },
          "sensitive_attributes": [
            [
              {
                "type": "get_attr",
                "value": "token"
              }
            ]
          ],
          "private": "bnVsbA==",
          "dependencies": [
            "module.s3.aws_s3_bucket.tf_state"
          ]
        }
      ]
    },
    {
      "module": "module.s3",
      "mode": "managed",
      "type": "aws_s3_bucket_versioning",
      "name": "tf_state",
      "provider": "provider[\"registry.terraform.io/hashicorp/aws\"]",
      "instances": [
        {
          "schema_version": 0,
          "attributes": {
            "bucket": "umami-tfstate",
            "expected_bucket_owner": "",
            "id": "umami-tfstate",
            "mfa": null,
            "region": "eu-west-2",
            "versioning_configuration": [
              {
                "mfa_delete": "Disabled",
                "status": "Enabled"
              }
            ]
          },
          "sensitive_attributes": [],
          "private": "bnVsbA==",
          "dependencies": [
            "module.s3.aws_s3_bucket.tf_state"
          ]
        }
      ]
    }
  ],
  "check_results": null
}
